version = 1
revision = 3
requires-python = ">=3.14"
resolution-markers = [
    "sys_platform == 'darwin'",
    "platform_machine == 'aarch64' and sys_platform == 'linux'",
    "(platform_machine != 'aarch64' and sys_platform == 'linux') or (sys_platform != 'darwin' and sys_platform != 'linux')",
]

[[package]]
name = "absl-py"
version = "2.3.1"
source = { registry = "https://pypi.org/simple" }
sdist = { url = "https://files.pythonhosted.org/packages/10/2a/c93173ffa1b39c1d0395b7e842bbdc62e556ca9d8d3b5572926f3e4ca752/absl_py-2.3.1.tar.gz", hash = "sha256:a97820526f7fbfd2ec1bce83f3f25e3a14840dac0d8e02a0b71cd75db3f77fc9", size = 116588, upload-time = "2025-07-03T09:31:44.05Z" }
wheels = [
    { url = "https://files.pythonhosted.org/packages/8f/aa/ba0014cc4659328dc818a28827be78e6d97312ab0cb98105a770924dc11e/absl_py-2.3.1-py3-none-any.whl", hash = "sha256:eeecf07f0c2a93ace0772c92e596ace6d3d3996c042b2128459aaae2a76de11d", size = 135811, upload-time = "2025-07-03T09:31:42.253Z" },
]

[[package]]
name = "h5py"
version = "3.15.1"
source = { registry = "https://pypi.org/simple" }
dependencies = [
    { name = "numpy" },
]
sdist = { url = "https://files.pythonhosted.org/packages/4d/6a/0d79de0b025aa85dc8864de8e97659c94cf3d23148394a954dc5ca52f8c8/h5py-3.15.1.tar.gz", hash = "sha256:c86e3ed45c4473564de55aa83b6fc9e5ead86578773dfbd93047380042e26b69", size = 426236, upload-time = "2025-10-16T10:35:27.404Z" }
wheels = [
    { url = "https://files.pythonhosted.org/packages/a0/2c/926eba1514e4d2e47d0e9eb16c784e717d8b066398ccfca9b283917b1bfb/h5py-3.15.1-cp314-cp314-macosx_10_15_x86_64.whl", hash = "sha256:5f4fb0567eb8517c3ecd6b3c02c4f4e9da220c8932604960fd04e24ee1254763", size = 3380368, upload-time = "2025-10-16T10:35:03.117Z" },
    { url = "https://files.pythonhosted.org/packages/65/4b/d715ed454d3baa5f6ae1d30b7eca4c7a1c1084f6a2edead9e801a1541d62/h5py-3.15.1-cp314-cp314-macosx_11_0_arm64.whl", hash = "sha256:954e480433e82d3872503104f9b285d369048c3a788b2b1a00e53d1c47c98dd2", size = 2833793, upload-time = "2025-10-16T10:35:05.623Z" },
    { url = "https://files.pythonhosted.org/packages/ef/d4/ef386c28e4579314610a8bffebbee3b69295b0237bc967340b7c653c6c10/h5py-3.15.1-cp314-cp314-manylinux_2_27_aarch64.manylinux_2_28_aarch64.whl", hash = "sha256:fd125c131889ebbef0849f4a0e29cf363b48aba42f228d08b4079913b576bb3a", size = 4903199, upload-time = "2025-10-16T10:35:08.972Z" },
    { url = "https://files.pythonhosted.org/packages/33/5d/65c619e195e0b5e54ea5a95c1bb600c8ff8715e0d09676e4cce56d89f492/h5py-3.15.1-cp314-cp314-manylinux_2_27_x86_64.manylinux_2_28_x86_64.whl", hash = "sha256:28a20e1a4082a479b3d7db2169f3a5034af010b90842e75ebbf2e9e49eb4183e", size = 5097224, upload-time = "2025-10-16T10:35:12.808Z" },
    { url = "https://files.pythonhosted.org/packages/30/30/5273218400bf2da01609e1292f562c94b461fcb73c7a9e27fdadd43abc0a/h5py-3.15.1-cp314-cp314-musllinux_1_2_aarch64.whl", hash = "sha256:fa8df5267f545b4946df8ca0d93d23382191018e4cda2deda4c2cedf9a010e13", size = 4551207, upload-time = "2025-10-16T10:35:16.24Z" },
    { url = "https://files.pythonhosted.org/packages/d3/39/a7ef948ddf4d1c556b0b2b9559534777bccc318543b3f5a1efdf6b556c9c/h5py-3.15.1-cp314-cp314-musllinux_1_2_x86_64.whl", hash = "sha256:99d374a21f7321a4c6ab327c4ab23bd925ad69821aeb53a1e75dd809d19f67fa", size = 5025426, upload-time = "2025-10-16T10:35:19.831Z" },
    { url = "https://files.pythonhosted.org/packages/b6/d8/7368679b8df6925b8415f9dcc9ab1dab01ddc384d2b2c24aac9191bd9ceb/h5py-3.15.1-cp314-cp314-win_amd64.whl", hash = "sha256:9c73d1d7cdb97d5b17ae385153472ce118bed607e43be11e9a9deefaa54e0734", size = 2865704, upload-time = "2025-10-16T10:35:22.658Z" },
    { url = "https://files.pythonhosted.org/packages/d3/b7/4a806f85d62c20157e62e58e03b27513dc9c55499768530acc4f4c5ce4be/h5py-3.15.1-cp314-cp314-win_arm64.whl", hash = "sha256:a6d8c5a05a76aca9a494b4c53ce8a9c29023b7f64f625c6ce1841e92a362ccdf", size = 2465544, upload-time = "2025-10-16T10:35:25.695Z" },
]

[[package]]
name = "keras"
version = "3.13.0"
source = { registry = "https://pypi.org/simple" }
dependencies = [
    { name = "absl-py" },
    { name = "h5py" },
    { name = "ml-dtypes" },
    { name = "namex" },
    { name = "numpy" },
    { name = "optree" },
    { name = "packaging" },
    { name = "rich" },
]
sdist = { url = "https://files.pythonhosted.org/packages/3f/eb/960ec65476a6f5c9223fac7e6ae09999cd75a75fb87afe130e4b1d43f0ac/keras-3.13.0.tar.gz", hash = "sha256:ec51ad2ffcef086d0e3077ac461fa9e3bc54f91d94b49b7c9a84c9af7f54cf5e", size = 1153648, upload-time = "2025-12-17T23:49:25.898Z" }
wheels = [
    { url = "https://files.pythonhosted.org/packages/15/d2/c6734cbf15288d75722ed3eb9d8ebf9204e48379c08160fd40fcd58a0c8b/keras-3.13.0-py3-none-any.whl", hash = "sha256:096793e2be6230816f3f7e030370e66c0f4a89707c59bf2d8fad3ca33869bd1c", size = 1512339, upload-time = "2025-12-17T23:49:24.46Z" },
]

[[package]]
name = "markdown-it-py"
version = "4.0.0"
source = { registry = "https://pypi.org/simple" }
dependencies = [
    { name = "mdurl" },
]
sdist = { url = "https://files.pythonhosted.org/packages/5b/f5/4ec618ed16cc4f8fb3b701563655a69816155e79e24a17b651541804721d/markdown_it_py-4.0.0.tar.gz", hash = "sha256:cb0a2b4aa34f932c007117b194e945bd74e0ec24133ceb5bac59009cda1cb9f3", size = 73070, upload-time = "2025-08-11T12:57:52.854Z" }
wheels = [
    { url = "https://files.pythonhosted.org/packages/94/54/e7d793b573f298e1c9013b8c4dade17d481164aa517d1d7148619c2cedbf/markdown_it_py-4.0.0-py3-none-any.whl", hash = "sha256:87327c59b172c5011896038353a81343b6754500a08cd7a4973bb48c6d578147", size = 87321, upload-time = "2025-08-11T12:57:51.923Z" },
]

[[package]]
name = "mdurl"
version = "0.1.2"
source = { registry = "https://pypi.org/simple" }
sdist = { url = "https://files.pythonhosted.org/packages/d6/54/cfe61301667036ec958cb99bd3efefba235e65cdeb9c84d24a8293ba1d90/mdurl-0.1.2.tar.gz", hash = "sha256:bb413d29f5eea38f31dd4754dd7377d4465116fb207585f97bf925588687c1ba", size = 8729, upload-time = "2022-08-14T12:40:10.846Z" }
wheels = [
    { url = "https://files.pythonhosted.org/packages/b3/38/89ba8ad64ae25be8de66a6d463314cf1eb366222074cfda9ee839c56a4b4/mdurl-0.1.2-py3-none-any.whl", hash = "sha256:84008a41e51615a49fc9966191ff91509e3c40b939176e643fd50a5c2196b8f8", size = 9979, upload-time = "2022-08-14T12:40:09.779Z" },
]

[[package]]
name = "ml-dtypes"
version = "0.5.4"
source = { registry = "https://pypi.org/simple" }
dependencies = [
    { name = "numpy" },
]
sdist = { url = "https://files.pythonhosted.org/packages/0e/4a/c27b42ed9b1c7d13d9ba8b6905dece787d6259152f2309338aed29b2447b/ml_dtypes-0.5.4.tar.gz", hash = "sha256:8ab06a50fb9bf9666dd0fe5dfb4676fa2b0ac0f31ecff72a6c3af8e22c063453", size = 692314, upload-time = "2025-11-17T22:32:31.031Z" }
wheels = [
    { url = "https://files.pythonhosted.org/packages/72/4e/1339dc6e2557a344f5ba5590872e80346f76f6cb2ac3dd16e4666e88818c/ml_dtypes-0.5.4-cp314-cp314-macosx_10_13_universal2.whl", hash = "sha256:2b857d3af6ac0d39db1de7c706e69c7f9791627209c3d6dedbfca8c7e5faec22", size = 673781, upload-time = "2025-11-17T22:32:11.364Z" },
    { url = "https://files.pythonhosted.org/packages/04/f9/067b84365c7e83bda15bba2b06c6ca250ce27b20630b1128c435fb7a09aa/ml_dtypes-0.5.4-cp314-cp314-manylinux_2_27_aarch64.manylinux_2_28_aarch64.whl", hash = "sha256:805cef3a38f4eafae3a5bf9ebdcdb741d0bcfd9e1bd90eb54abd24f928cd2465", size = 5036145, upload-time = "2025-11-17T22:32:12.783Z" },
    { url = "https://files.pythonhosted.org/packages/c6/bb/82c7dcf38070b46172a517e2334e665c5bf374a262f99a283ea454bece7c/ml_dtypes-0.5.4-cp314-cp314-manylinux_2_27_x86_64.manylinux_2_28_x86_64.whl", hash = "sha256:14a4fd3228af936461db66faccef6e4f41c1d82fcc30e9f8d58a08916b1d811f", size = 5010230, upload-time = "2025-11-17T22:32:14.38Z" },
    { url = "https://files.pythonhosted.org/packages/e9/93/2bfed22d2498c468f6bcd0d9f56b033eaa19f33320389314c19ef6766413/ml_dtypes-0.5.4-cp314-cp314-win_amd64.whl", hash = "sha256:8c6a2dcebd6f3903e05d51960a8058d6e131fe69f952a5397e5dbabc841b6d56", size = 221032, upload-time = "2025-11-17T22:32:15.763Z" },
    { url = "https://files.pythonhosted.org/packages/76/a3/9c912fe6ea747bb10fe2f8f54d027eb265db05dfb0c6335e3e063e74e6e8/ml_dtypes-0.5.4-cp314-cp314-win_arm64.whl", hash = "sha256:5a0f68ca8fd8d16583dfa7793973feb86f2fbb56ce3966daf9c9f748f52a2049", size = 163353, upload-time = "2025-11-17T22:32:16.932Z" },
    { url = "https://files.pythonhosted.org/packages/cd/02/48aa7d84cc30ab4ee37624a2fd98c56c02326785750cd212bc0826c2f15b/ml_dtypes-0.5.4-cp314-cp314t-macosx_10_13_universal2.whl", hash = "sha256:bfc534409c5d4b0bf945af29e5d0ab075eae9eecbb549ff8a29280db822f34f9", size = 702085, upload-time = "2025-11-17T22:32:18.175Z" },
    { url = "https://files.pythonhosted.org/packages/5a/e7/85cb99fe80a7a5513253ec7faa88a65306be071163485e9a626fce1b6e84/ml_dtypes-0.5.4-cp314-cp314t-manylinux_2_27_aarch64.manylinux_2_28_aarch64.whl", hash = "sha256:2314892cdc3fcf05e373d76d72aaa15fda9fb98625effa73c1d646f331fcecb7", size = 5355358, upload-time = "2025-11-17T22:32:19.7Z" },
    { url = "https://files.pythonhosted.org/packages/79/2b/a826ba18d2179a56e144aef69e57fb2ab7c464ef0b2111940ee8a3a223a2/ml_dtypes-0.5.4-cp314-cp314t-manylinux_2_27_x86_64.manylinux_2_28_x86_64.whl", hash = "sha256:0d2ffd05a2575b1519dc928c0b93c06339eb67173ff53acb00724502cda231cf", size = 5366332, upload-time = "2025-11-17T22:32:21.193Z" },
    { url = "https://files.pythonhosted.org/packages/84/44/f4d18446eacb20ea11e82f133ea8f86e2bf2891785b67d9da8d0ab0ef525/ml_dtypes-0.5.4-cp314-cp314t-win_amd64.whl", hash = "sha256:4381fe2f2452a2d7589689693d3162e876b3ddb0a832cde7a414f8e1adf7eab1", size = 236612, upload-time = "2025-11-17T22:32:22.579Z" },
    { url = "https://files.pythonhosted.org/packages/ad/3f/3d42e9a78fe5edf792a83c074b13b9b770092a4fbf3462872f4303135f09/ml_dtypes-0.5.4-cp314-cp314t-win_arm64.whl", hash = "sha256:11942cbf2cf92157db91e5022633c0d9474d4dfd813a909383bd23ce828a4b7d", size = 168825, upload-time = "2025-11-17T22:32:23.766Z" },
]

[[package]]
name = "namex"
version = "0.1.0"
source = { registry = "https://pypi.org/simple" }
sdist = { url = "https://files.pythonhosted.org/packages/0c/c0/ee95b28f029c73f8d49d8f52edaed02a1d4a9acb8b69355737fdb1faa191/namex-0.1.0.tar.gz", hash = "sha256:117f03ccd302cc48e3f5c58a296838f6b89c83455ab8683a1e85f2a430aa4306", size = 6649, upload-time = "2025-05-26T23:17:38.918Z" }
wheels = [
    { url = "https://files.pythonhosted.org/packages/b2/bc/465daf1de06409cdd4532082806770ee0d8d7df434da79c76564d0f69741/namex-0.1.0-py3-none-any.whl", hash = "sha256:e2012a474502f1e2251267062aae3114611f07df4224b6e06334c57b0f2ce87c", size = 5905, upload-time = "2025-05-26T23:17:37.695Z" },
]

[[package]]
name = "numpy"
version = "2.4.0"
source = { registry = "https://pypi.org/simple" }
sdist = { url = "https://files.pythonhosted.org/packages/a4/7a/6a3d14e205d292b738db449d0de649b373a59edb0d0b4493821d0a3e8718/numpy-2.4.0.tar.gz", hash = "sha256:6e504f7b16118198f138ef31ba24d985b124c2c469fe8467007cf30fd992f934", size = 20685720, upload-time = "2025-12-20T16:18:19.023Z" }
wheels = [
    { url = "https://files.pythonhosted.org/packages/ab/ed/52eac27de39d5e5a6c9aadabe672bc06f55e24a3d9010cd1183948055d76/numpy-2.4.0-cp314-cp314-macosx_10_15_x86_64.whl", hash = "sha256:c95eb6db2884917d86cde0b4d4cf31adf485c8ec36bf8696dd66fa70de96f36b", size = 16647476, upload-time = "2025-12-20T16:17:17.671Z" },
    { url = "https://files.pythonhosted.org/packages/77/c0/990ce1b7fcd4e09aeaa574e2a0a839589e4b08b2ca68070f1acb1fea6736/numpy-2.4.0-cp314-cp314-macosx_11_0_arm64.whl", hash = "sha256:65167da969cd1ec3a1df31cb221ca3a19a8aaa25370ecb17d428415e93c1935e", size = 12374563, upload-time = "2025-12-20T16:17:20.216Z" },
    { url = "https://files.pythonhosted.org/packages/37/7c/8c5e389c6ae8f5fd2277a988600d79e9625db3fff011a2d87ac80b881a4c/numpy-2.4.0-cp314-cp314-macosx_14_0_arm64.whl", hash = "sha256:3de19cfecd1465d0dcf8a5b5ea8b3155b42ed0b639dba4b71e323d74f2a3be5e", size = 5203107, upload-time = "2025-12-20T16:17:22.47Z" },
    { url = "https://files.pythonhosted.org/packages/e6/94/ca5b3bd6a8a70a5eec9a0b8dd7f980c1eff4b8a54970a9a7fef248ef564f/numpy-2.4.0-cp314-cp314-macosx_14_0_x86_64.whl", hash = "sha256:6c05483c3136ac4c91b4e81903cb53a8707d316f488124d0398499a4f8e8ef51", size = 6538067, upload-time = "2025-12-20T16:17:24.001Z" },
    { url = "https://files.pythonhosted.org/packages/79/43/993eb7bb5be6761dde2b3a3a594d689cec83398e3f58f4758010f3b85727/numpy-2.4.0-cp314-cp314-manylinux_2_27_aarch64.manylinux_2_28_aarch64.whl", hash = "sha256:36667db4d6c1cea79c8930ab72fadfb4060feb4bfe724141cd4bd064d2e5f8ce", size = 14411926, upload-time = "2025-12-20T16:17:25.822Z" },
    { url = "https://files.pythonhosted.org/packages/03/75/d4c43b61de473912496317a854dac54f1efec3eeb158438da6884b70bb90/numpy-2.4.0-cp314-cp314-manylinux_2_27_x86_64.manylinux_2_28_x86_64.whl", hash = "sha256:9a818668b674047fd88c4cddada7ab8f1c298812783e8328e956b78dc4807f9f", size = 16354295, upload-time = "2025-12-20T16:17:28.308Z" },
    { url = "https://files.pythonhosted.org/packages/b8/0a/b54615b47ee8736a6461a4bb6749128dd3435c5a759d5663f11f0e9af4ac/numpy-2.4.0-cp314-cp314-musllinux_1_2_aarch64.whl", hash = "sha256:1ee32359fb7543b7b7bd0b2f46294db27e29e7bbdf70541e81b190836cd83ded", size = 16190242, upload-time = "2025-12-20T16:17:30.993Z" },
    { url = "https://files.pythonhosted.org/packages/98/ce/ea207769aacad6246525ec6c6bbd66a2bf56c72443dc10e2f90feed29290/numpy-2.4.0-cp314-cp314-musllinux_1_2_x86_64.whl", hash = "sha256:e493962256a38f58283de033d8af176c5c91c084ea30f15834f7545451c42059", size = 18280875, upload-time = "2025-12-20T16:17:33.327Z" },
    { url = "https://files.pythonhosted.org/packages/17/ef/ec409437aa962ea372ed601c519a2b141701683ff028f894b7466f0ab42b/numpy-2.4.0-cp314-cp314-win32.whl", hash = "sha256:6bbaebf0d11567fa8926215ae731e1d58e6ec28a8a25235b8a47405d301332db", size = 6002530, upload-time = "2025-12-20T16:17:35.729Z" },
    { url = "https://files.pythonhosted.org/packages/5f/4a/5cb94c787a3ed1ac65e1271b968686521169a7b3ec0b6544bb3ca32960b0/numpy-2.4.0-cp314-cp314-win_amd64.whl", hash = "sha256:3d857f55e7fdf7c38ab96c4558c95b97d1c685be6b05c249f5fdafcbd6f9899e", size = 12435890, upload-time = "2025-12-20T16:17:37.599Z" },
    { url = "https://files.pythonhosted.org/packages/48/a0/04b89db963af9de1104975e2544f30de89adbf75b9e75f7dd2599be12c79/numpy-2.4.0-cp314-cp314-win_arm64.whl", hash = "sha256:bb50ce5fb202a26fd5404620e7ef820ad1ab3558b444cb0b55beb7ef66cd2d63", size = 10591892, upload-time = "2025-12-20T16:17:39.649Z" },
    { url = "https://files.pythonhosted.org/packages/53/e5/d74b5ccf6712c06c7a545025a6a71bfa03bdc7e0568b405b0d655232fd92/numpy-2.4.0-cp314-cp314t-macosx_11_0_arm64.whl", hash = "sha256:355354388cba60f2132df297e2d53053d4063f79077b67b481d21276d61fc4df", size = 12494312, upload-time = "2025-12-20T16:17:41.714Z" },
    { url = "https://files.pythonhosted.org/packages/c2/08/3ca9cc2ddf54dfee7ae9a6479c071092a228c68aef08252aa08dac2af002/numpy-2.4.0-cp314-cp314t-macosx_14_0_arm64.whl", hash = "sha256:1d8f9fde5f6dc1b6fc34df8162f3b3079365468703fee7f31d4e0cc8c63baed9", size = 5322862, upload-time = "2025-12-20T16:17:44.145Z" },
    { url = "https://files.pythonhosted.org/packages/87/74/0bb63a68394c0c1e52670cfff2e309afa41edbe11b3327d9af29e4383f34/numpy-2.4.0-cp314-cp314t-macosx_14_0_x86_64.whl", hash = "sha256:e0434aa22c821f44eeb4c650b81c7fbdd8c0122c6c4b5a576a76d5a35625ecd9", size = 6644986, upload-time = "2025-12-20T16:17:46.203Z" },
    { url = "https://files.pythonhosted.org/packages/06/8f/9264d9bdbcf8236af2823623fe2f3981d740fc3461e2787e231d97c38c28/numpy-2.4.0-cp314-cp314t-manylinux_2_27_aarch64.manylinux_2_28_aarch64.whl", hash = "sha256:40483b2f2d3ba7aad426443767ff5632ec3156ef09742b96913787d13c336471", size = 14457958, upload-time = "2025-12-20T16:17:48.017Z" },
    { url = "https://files.pythonhosted.org/packages/8c/d9/f9a69ae564bbc7236a35aa883319364ef5fd41f72aa320cc1cbe66148fe2/numpy-2.4.0-cp314-cp314t-manylinux_2_27_x86_64.manylinux_2_28_x86_64.whl", hash = "sha256:d9e6a7664ddd9746e20b7325351fe1a8408d0a2bf9c63b5e898290ddc8f09544", size = 16398394, upload-time = "2025-12-20T16:17:50.409Z" },
    { url = "https://files.pythonhosted.org/packages/34/c7/39241501408dde7f885d241a98caba5421061a2c6d2b2197ac5e3aa842d8/numpy-2.4.0-cp314-cp314t-musllinux_1_2_aarch64.whl", hash = "sha256:ecb0019d44f4cdb50b676c5d0cb4b1eae8e15d1ed3d3e6639f986fc92b2ec52c", size = 16241044, upload-time = "2025-12-20T16:17:52.661Z" },
    { url = "https://files.pythonhosted.org/packages/7c/95/cae7effd90e065a95e59fe710eeee05d7328ed169776dfdd9f789e032125/numpy-2.4.0-cp314-cp314t-musllinux_1_2_x86_64.whl", hash = "sha256:d0ffd9e2e4441c96a9c91ec1783285d80bf835b677853fc2770a89d50c1e48ac", size = 18321772, upload-time = "2025-12-20T16:17:54.947Z" },
    { url = "https://files.pythonhosted.org/packages/96/df/3c6c279accd2bfb968a76298e5b276310bd55d243df4fa8ac5816d79347d/numpy-2.4.0-cp314-cp314t-win32.whl", hash = "sha256:77f0d13fa87036d7553bf81f0e1fe3ce68d14c9976c9851744e4d3e91127e95f", size = 6148320, upload-time = "2025-12-20T16:17:57.249Z" },
    { url = "https://files.pythonhosted.org/packages/92/8d/f23033cce252e7a75cae853d17f582e86534c46404dea1c8ee094a9d6d84/numpy-2.4.0-cp314-cp314t-win_amd64.whl", hash = "sha256:b1f5b45829ac1848893f0ddf5cb326110604d6df96cdc255b0bf9edd154104d4", size = 12623460, upload-time = "2025-12-20T16:17:58.963Z" },
    { url = "https://files.pythonhosted.org/packages/a4/4f/1f8475907d1a7c4ef9020edf7f39ea2422ec896849245f00688e4b268a71/numpy-2.4.0-cp314-cp314t-win_arm64.whl", hash = "sha256:23a3e9d1a6f360267e8fbb38ba5db355a6a7e9be71d7fce7ab3125e88bb646c8", size = 10661799, upload-time = "2025-12-20T16:18:01.078Z" },
]

[[package]]
name = "opencv-python"
version = "4.11.0.86"
source = { registry = "https://pypi.org/simple" }
dependencies = [
    { name = "numpy" },
]
sdist = { url = "https://files.pythonhosted.org/packages/17/06/68c27a523103dad5837dc5b87e71285280c4f098c60e4fe8a8db6486ab09/opencv-python-4.11.0.86.tar.gz", hash = "sha256:03d60ccae62304860d232272e4a4fda93c39d595780cb40b161b310244b736a4", size = 95171956, upload-time = "2025-01-16T13:52:24.737Z" }
wheels = [
    { url = "https://files.pythonhosted.org/packages/05/4d/53b30a2a3ac1f75f65a59eb29cf2ee7207ce64867db47036ad61743d5a23/opencv_python-4.11.0.86-cp37-abi3-macosx_13_0_arm64.whl", hash = "sha256:432f67c223f1dc2824f5e73cdfcd9db0efc8710647d4e813012195dc9122a52a", size = 37326322, upload-time = "2025-01-16T13:52:25.887Z" },
    { url = "https://files.pythonhosted.org/packages/3b/84/0a67490741867eacdfa37bc18df96e08a9d579583b419010d7f3da8ff503/opencv_python-4.11.0.86-cp37-abi3-macosx_13_0_x86_64.whl", hash = "sha256:9d05ef13d23fe97f575153558653e2d6e87103995d54e6a35db3f282fe1f9c66", size = 56723197, upload-time = "2025-01-16T13:55:21.222Z" },
    { url = "https://files.pythonhosted.org/packages/f3/bd/29c126788da65c1fb2b5fb621b7fed0ed5f9122aa22a0868c5e2c15c6d23/opencv_python-4.11.0.86-cp37-abi3-manylinux_2_17_aarch64.manylinux2014_aarch64.whl", hash = "sha256:1b92ae2c8852208817e6776ba1ea0d6b1e0a1b5431e971a2a0ddd2a8cc398202", size = 42230439, upload-time = "2025-01-16T13:51:35.822Z" },
    { url = "https://files.pythonhosted.org/packages/2c/8b/90eb44a40476fa0e71e05a0283947cfd74a5d36121a11d926ad6f3193cc4/opencv_python-4.11.0.86-cp37-abi3-manylinux_2_17_x86_64.manylinux2014_x86_64.whl", hash = "sha256:6b02611523803495003bd87362db3e1d2a0454a6a63025dc6658a9830570aa0d", size = 62986597, upload-time = "2025-01-16T13:52:08.836Z" },
    { url = "https://files.pythonhosted.org/packages/fb/d7/1d5941a9dde095468b288d989ff6539dd69cd429dbf1b9e839013d21b6f0/opencv_python-4.11.0.86-cp37-abi3-win32.whl", hash = "sha256:810549cb2a4aedaa84ad9a1c92fbfdfc14090e2749cedf2c1589ad8359aa169b", size = 29384337, upload-time = "2025-01-16T13:52:13.549Z" },
    { url = "https://files.pythonhosted.org/packages/a4/7d/f1c30a92854540bf789e9cd5dde7ef49bbe63f855b85a2e6b3db8135c591/opencv_python-4.11.0.86-cp37-abi3-win_amd64.whl", hash = "sha256:085ad9b77c18853ea66283e98affefe2de8cc4c1f43eda4c100cf9b2721142ec", size = 39488044, upload-time = "2025-01-16T13:52:21.928Z" },
]

[[package]]
name = "optree"
version = "0.18.0"
source = { registry = "https://pypi.org/simple" }
dependencies = [
    { name = "typing-extensions" },
]
sdist = { url = "https://files.pythonhosted.org/packages/83/8e/09d899ad531d50b79aa24e7558f604980fe4048350172e643bb1b9983aec/optree-0.18.0.tar.gz", hash = "sha256:3804fb6ddc923855db2dc4805b4524c66e00f1ef30b166be4aadd52822b13e06", size = 165178, upload-time = "2025-11-14T08:58:31.234Z" }
wheels = [
    { url = "https://files.pythonhosted.org/packages/3e/f0/dabcb70f2065f782e4c2fac18bde75267d24aa5813b58e7ae9e045ecf9f0/optree-0.18.0-cp314-cp314-android_24_arm64_v8a.whl", hash = "sha256:5b126c34b459ef4f10f3a4d7d222416d9102b3c5a76b39f346c611792f144821", size = 876006, upload-time = "2025-11-14T08:57:42.676Z" },
    { url = "https://files.pythonhosted.org/packages/3c/da/6d524879da8892ea8a2562278d0aca06827e7c053015806c5853bb9c3bd8/optree-0.18.0-cp314-cp314-android_24_x86_64.whl", hash = "sha256:895f23a4cd8aee2c2464efdad2d9bde28a2aaabee634c96423a933f40e74a67e", size = 876251, upload-time = "2025-11-14T08:57:44.173Z" },
    { url = "https://files.pythonhosted.org/packages/54/f8/588807ec9c21bfec2fcf6b3e4f93abac62cad9bc0b8c0e248f1c30d9c160/optree-0.18.0-cp314-cp314-ios_13_0_arm64_iphoneos.whl", hash = "sha256:db00c604c1ae452f6092293bf230984d4f6cbb3ad905a9991e8cf680fd7d1523", size = 339800, upload-time = "2025-11-14T08:57:45.301Z" },
    { url = "https://files.pythonhosted.org/packages/b8/b9/a4214afaa44ff7d8b2c02ed058b318fcfd73af06daeac45d4845ef26d1b6/optree-0.18.0-cp314-cp314-ios_13_0_arm64_iphonesimulator.whl", hash = "sha256:7172b16e87c87160475275e4bfaa6e4067ccde184d2cca65ba25a402a8ed7758", size = 345613, upload-time = "2025-11-14T08:57:46.362Z" },
    { url = "https://files.pythonhosted.org/packages/8c/cd/31ca853e5f1e9002789de46e5263a3f23d9f9cb9fa490c8bf97fb02076c1/optree-0.18.0-cp314-cp314-macosx_10_15_x86_64.whl", hash = "sha256:5e669f98b9af9f66144c7ae09912d0367ac3182abe016f67cdd15cb45e13c923", size = 371117, upload-time = "2025-11-14T08:57:47.468Z" },
    { url = "https://files.pythonhosted.org/packages/66/e1/45193039b4432f4142eb978c847cd64533c4db7dc5dcdeb406ceac396961/optree-0.18.0-cp314-cp314-macosx_11_0_arm64.whl", hash = "sha256:0959bac58631e64e2ac6349cc284b37872c24f353b3d73b4682202a431f07d76", size = 346091, upload-time = "2025-11-14T08:57:48.604Z" },
    { url = "https://files.pythonhosted.org/packages/dc/33/8c6efe13c5cccb464bba868203649888dc875d2010c8a1acec0e9af88e37/optree-0.18.0-cp314-cp314-manylinux_2_26_aarch64.manylinux_2_28_aarch64.whl", hash = "sha256:cde70c97e4cc4e997e8fda2266e40a9bff7679c72ab4af6e15e81748a12882cc", size = 370191, upload-time = "2025-11-14T08:57:49.73Z" },
    { url = "https://files.pythonhosted.org/packages/f0/5e/0fffd06757494e88b3e5699f6df2da301dd9bf19a4f31c197c585dc5001e/optree-0.18.0-cp314-cp314-manylinux_2_26_i686.manylinux_2_28_i686.whl", hash = "sha256:9104fc8915890e7292e5833fc677e4749607c67aa3cf8884677267078201c2f3", size = 430059, upload-time = "2025-11-14T08:57:50.837Z" },
    { url = "https://files.pythonhosted.org/packages/bf/17/92d0dade6ff46aebad86ae23ac801251e7de18526eee216986de684c3375/optree-0.18.0-cp314-cp314-manylinux_2_26_ppc64le.manylinux_2_28_ppc64le.whl", hash = "sha256:1f674e34202383f8b42fa9335f13bedfb6b6f019c66e1f41034929e4be203423", size = 426169, upload-time = "2025-11-14T08:57:52.211Z" },
    { url = "https://files.pythonhosted.org/packages/e5/36/eedcfcd421801578119ff5fb6731cd50c65f57a729f6f76f8fe6f37d9939/optree-0.18.0-cp314-cp314-manylinux_2_26_s390x.manylinux_2_28_s390x.whl", hash = "sha256:1b75e083137f361377ff8d70df885ab3a1cf8980e4019e3f311237579adadb64", size = 426153, upload-time = "2025-11-14T08:57:53.591Z" },
    { url = "https://files.pythonhosted.org/packages/63/a6/0bf029f0bdd05f49548644267fc69574a7ca18735010a86d736e7a1ed03c/optree-0.18.0-cp314-cp314-manylinux_2_27_x86_64.manylinux_2_28_x86_64.whl", hash = "sha256:c1f20e8754abe312a701ee00d071ddd8502e9d97ca38fbc56204d14a9ffcb41c", size = 413576, upload-time = "2025-11-14T08:57:54.714Z" },
    { url = "https://files.pythonhosted.org/packages/5e/de/71c51bdf6053e6d7cbdf176eb30d7b5c5ad6180eb6e822d13b36b1edecff/optree-0.18.0-cp314-cp314-manylinux_2_39_riscv64.whl", hash = "sha256:289b184cc41dfc400a30db6207ec997884d14540aae2cba10cb88dc7ebaae2a1", size = 369173, upload-time = "2025-11-14T08:57:56.169Z" },
    { url = "https://files.pythonhosted.org/packages/d9/b0/ea9d562ca87f25bb90944eb411d1ac29ec6c7e38cebf2024e8124fd0e31d/optree-0.18.0-cp314-cp314-win32.whl", hash = "sha256:f5197f864630162f008f5dfad3fceef32553c0fa7639eee1b8e280d924ed678e", size = 292058, upload-time = "2025-11-14T08:57:57.184Z" },
    { url = "https://files.pythonhosted.org/packages/5e/0c/87c9ced927a4cda6b99959cc9341e0a1acb4cd6eb49d2ccd7ac57039c63e/optree-0.18.0-cp314-cp314-win_amd64.whl", hash = "sha256:2b5cfb5fc643f16d3a7d957807e55a937dce07566c49ccc4aa71b01064c56758", size = 322019, upload-time = "2025-11-14T08:57:58.203Z" },
    { url = "https://files.pythonhosted.org/packages/39/a8/481afd23d2e66fddc5891b1540778ebedae90e770fe44c68c9f3dbd9e321/optree-0.18.0-cp314-cp314-win_arm64.whl", hash = "sha256:89d5156f8a0a3792701e1c31473eb307f0b45696f48dc51d721f1bfe0c3a950f", size = 324966, upload-time = "2025-11-14T08:57:59.413Z" },
    { url = "https://files.pythonhosted.org/packages/e5/76/7ba344abd30ce4e3c29d50936a2f28341a772bcebec2948be9915f2a3ece/optree-0.18.0-cp314-cp314t-macosx_10_15_x86_64.whl", hash = "sha256:20536964ba2458f166c1e8ab25951e3fc0a5056b651bd08f16be99bb3ffed54a", size = 415280, upload-time = "2025-11-14T08:58:00.806Z" },
    { url = "https://files.pythonhosted.org/packages/89/27/90de0dcbfdaf82ce616eaa2193a540ec7b4dd1587a5ff0c6a7485c846dd6/optree-0.18.0-cp314-cp314t-macosx_11_0_arm64.whl", hash = "sha256:07c5f64783ad0f0f80e61c25f276ce79b47deda83ed7956a4a9af6385fe8f60d", size = 387087, upload-time = "2025-11-14T08:58:02.501Z" },
    { url = "https://files.pythonhosted.org/packages/d3/ff/91b9898b08b6f3187a4c99836648893f68d62f61a304b6f6ec61d3e27a77/optree-0.18.0-cp314-cp314t-manylinux_2_26_aarch64.manylinux_2_28_aarch64.whl", hash = "sha256:30a2636279bdc805c8e154a0f346bcf704626b831ff44724d305fb72c90b7389", size = 386244, upload-time = "2025-11-14T08:58:03.628Z" },
    { url = "https://files.pythonhosted.org/packages/ea/b2/d20c302926c6c18c379801a6532c0722f7f1a305b7d5712e437708ebdb42/optree-0.18.0-cp314-cp314t-manylinux_2_26_i686.manylinux_2_28_i686.whl", hash = "sha256:80d971060c888c3989132b7e75dfb50848636d41bc931af1b93fe2019fba469c", size = 442297, upload-time = "2025-11-14T08:58:04.887Z" },
    { url = "https://files.pythonhosted.org/packages/90/7d/015c58cf2b0aa0049ac33e1aa76b1fd4563551aeb9f83b10c2217668c355/optree-0.18.0-cp314-cp314t-manylinux_2_26_ppc64le.manylinux_2_28_ppc64le.whl", hash = "sha256:d569730b2647c51a5ee68d67198aa9a78c7a55563d57b8cc1ca8d8c8377e7621", size = 438180, upload-time = "2025-11-14T08:58:06.252Z" },
    { url = "https://files.pythonhosted.org/packages/38/83/1eea2619385bd3ecfda76bb563f4127dc8b4197dcb614eb3f9032c82c2a7/optree-0.18.0-cp314-cp314t-manylinux_2_26_s390x.manylinux_2_28_s390x.whl", hash = "sha256:c017539e1196ea08f20aea3a4c473f758149b851678edd3d15773b4326decf83", size = 437838, upload-time = "2025-11-14T08:58:07.359Z" },
    { url = "https://files.pythonhosted.org/packages/e6/99/c1b84be2143df01819818e8c5db0c284ce995a51134030352ade6d9d1d75/optree-0.18.0-cp314-cp314t-manylinux_2_27_x86_64.manylinux_2_28_x86_64.whl", hash = "sha256:51e2cd9ac7fecfd5f6f56ce69f4f805553c226a2744810175959eb408101513c", size = 426705, upload-time = "2025-11-14T08:58:08.426Z" },
    { url = "https://files.pythonhosted.org/packages/70/8a/e1da179a5ebfdb9e279ae655ec38f19e8893a36193203fd6022a31d573b4/optree-0.18.0-cp314-cp314t-manylinux_2_39_riscv64.whl", hash = "sha256:a5c213a291c798139ed9ff80aec4bfcd2ac8f001bc015a9cdeb78457e9687dd3", size = 387489, upload-time = "2025-11-14T08:58:09.459Z" },
    { url = "https://files.pythonhosted.org/packages/a0/f8/b1367b93290b9e1b99a5ad1bbedaf76da62cf81578f452a91bfef5cfd1bb/optree-0.18.0-cp314-cp314t-win32.whl", hash = "sha256:e4a468ae1541614b5aa7b4f00254bce005ab7572fbb1fc764af4ee17d90fde7b", size = 327239, upload-time = "2025-11-14T08:58:10.52Z" },
    { url = "https://files.pythonhosted.org/packages/35/84/295aa33e8530c72b45592714a5b07b23e178d2df44baa964c8a91226eac4/optree-0.18.0-cp314-cp314t-win_amd64.whl", hash = "sha256:94983b3aa31ee401d2ac77ba570a3157d83f9508cfbb006095a48770e0a1c5ca", size = 366546, upload-time = "2025-11-14T08:58:11.575Z" },
    { url = "https://files.pythonhosted.org/packages/db/67/65af89c4a64b13df70dcf9f09fc42623f490e5b4f4854577679e781c5c32/optree-0.18.0-cp314-cp314t-win_arm64.whl", hash = "sha256:b4da3223c5b4cf694822752d0fbb6bf34c3f41648af1bd1b443cc3d68cc55106", size = 358524, upload-time = "2025-11-14T08:58:12.967Z" },
]

[[package]]
name = "packaging"
version = "25.0"
source = { registry = "https://pypi.org/simple" }
sdist = { url = "https://files.pythonhosted.org/packages/a1/d4/1fc4078c65507b51b96ca8f8c3ba19e6a61c8253c72794544580a7b6c24d/packaging-25.0.tar.gz", hash = "sha256:d443872c98d677bf60f6a1f2f8c1cb748e8fe762d2bf9d3148b5599295b0fc4f", size = 165727, upload-time = "2025-04-19T11:48:59.673Z" }
wheels = [
    { url = "https://files.pythonhosted.org/packages/20/12/38679034af332785aac8774540895e234f4d07f7545804097de4b666afd8/packaging-25.0-py3-none-any.whl", hash = "sha256:29572ef2b1f17581046b3a2227d5c611fb25ec70ca1ba8554b24b0e69331a484", size = 66469, upload-time = "2025-04-19T11:48:57.875Z" },
]

[[package]]
name = "pygments"
version = "2.19.2"
source = { registry = "https://pypi.org/simple" }
sdist = { url = "https://files.pythonhosted.org/packages/b0/77/a5b8c569bf593b0140bde72ea885a803b82086995367bf2037de0159d924/pygments-2.19.2.tar.gz", hash = "sha256:636cb2477cec7f8952536970bc533bc43743542f70392ae026374600add5b887", size = 4968631, upload-time = "2025-06-21T13:39:12.283Z" }
wheels = [
    { url = "https://files.pythonhosted.org/packages/c7/21/705964c7812476f378728bdf590ca4b771ec72385c533964653c68e86bdc/pygments-2.19.2-py3-none-any.whl", hash = "sha256:86540386c03d588bb81d44bc3928634ff26449851e99741617ecb9037ee5ec0b", size = 1225217, upload-time = "2025-06-21T13:39:07.939Z" },
]

[[package]]
name = "rich"
version = "14.2.0"
source = { registry = "https://pypi.org/simple" }
dependencies = [
    { name = "markdown-it-py" },
    { name = "pygments" },
]
sdist = { url = "https://files.pythonhosted.org/packages/fb/d2/8920e102050a0de7bfabeb4c4614a49248cf8d5d7a8d01885fbb24dc767a/rich-14.2.0.tar.gz", hash = "sha256:73ff50c7c0c1c77c8243079283f4edb376f0f6442433aecb8ce7e6d0b92d1fe4", size = 219990, upload-time = "2025-10-09T14:16:53.064Z" }
wheels = [
    { url = "https://files.pythonhosted.org/packages/25/7a/b0178788f8dc6cafce37a212c99565fa1fe7872c70c6c9c1e1a372d9d88f/rich-14.2.0-py3-none-any.whl", hash = "sha256:76bc51fe2e57d2b1be1f96c524b890b816e334ab4c1e45888799bfaab0021edd", size = 243393, upload-time = "2025-10-09T14:16:51.245Z" },
]

[[package]]
name = "teyed-gaze-regression"
version = "0.1.0"
source = { virtual = "." }
dependencies = [
    { name = "keras" },
    { name = "numpy" },
    { name = "opencv-python" },
]

[package.metadata]
requires-dist = [
    { name = "keras", specifier = ">=3.13.0" },
    { name = "numpy", specifier = ">=2.4.0" },
    { name = "opencv-python", specifier = ">=4.11.0.86" },
]

[[package]]
name = "typing-extensions"
version = "4.15.0"
source = { registry = "https://pypi.org/simple" }
sdist = { url = "https://files.pythonhosted.org/packages/72/94/1a15dd82efb362ac84269196e94cf00f187f7ed21c242792a923cdb1c61f/typing_extensions-4.15.0.tar.gz", hash = "sha256:0cea48d173cc12fa28ecabc3b837ea3cf6f38c6d1136f85cbaaf598984861466", size = 109391, upload-time = "2025-08-25T13:49:26.313Z" }
wheels = [
    { url = "https://files.pythonhosted.org/packages/18/67/36e9267722cc04a6b9f15c7f3441c2363321a3ea07da7ae0c0707beb2a9c/typing_extensions-4.15.0-py3-none-any.whl", hash = "sha256:f0fa19c6845758ab08074a0cfa8b7aecb71c999ca73d62883bc25cc018c4e548", size = 44614, upload-time = "2025-08-25T13:49:24.86Z" },
]
